github.com/ethereum/go-ethereum v1.12.1/go.mod h1:zKetLweqBR8ZS+1O9iJWI8DvmmD2NzD19apjEWDCsnw=
github.com/miguelmota/go-solidity-sha3 v0.1.1/go.mod h1:sax1FvQF+f71j8W1uUHMZn8NxKyl5rYLks2nqj8RFEw=
github.com/pkg/errors v0.9.1 h1:FEBLx1zS214owpjy7qsBeixbURkuhQAwrK5UwLGTwt4=
github.com/pkg/errors v0.9.1/go.mod h1:bwawxfHBFNV+L2hUp1rHADufV3IMtnDRdf1r5NINEl0=
golang.org/x/crypto v0.12.0/go.mod h1:NF0Gs7EO5K4qLn+Ylc+fih8BSTeIjAP05siRnAh98yw=
golang.org/x/sys v0.11.0/go.mod h1:oPkhp1MJrh7nUepCBck5+mAzfO9JrbApNNgaTdGDITg=
